// !$*UTF8*$!
{
	archiveVersion = 1;
	classes = {
	};
	objectVersion = 55;
	objects = {

/* Begin PBXBuildFile section */
		A857580C273990B80029B1EF /* AppDelegate.swift in Sources */ = {isa = PBXBuildFile; fileRef = A857580B273990B80029B1EF /* AppDelegate.swift */; };
		A857580E273990B80029B1EF /* SceneDelegate.swift in Sources */ = {isa = PBXBuildFile; fileRef = A857580D273990B80029B1EF /* SceneDelegate.swift */; };
		A8575810273990B80029B1EF /* ViewController.swift in Sources */ = {isa = PBXBuildFile; fileRef = A857580F273990B80029B1EF /* ViewController.swift */; };
		A8575813273990B80029B1EF /* Main.storyboard in Resources */ = {isa = PBXBuildFile; fileRef = A8575811273990B80029B1EF /* Main.storyboard */; };
		A8575816273990B80029B1EF /* Combriender.xcdatamodeld in Sources */ = {isa = PBXBuildFile; fileRef = A8575814273990B80029B1EF /* Combriender.xcdatamodeld */; };
		A8575818273990BA0029B1EF /* Assets.xcassets in Resources */ = {isa = PBXBuildFile; fileRef = A8575817273990BA0029B1EF /* Assets.xcassets */; };
		A857581B273990BA0029B1EF /* LaunchScreen.storyboard in Resources */ = {isa = PBXBuildFile; fileRef = A8575819273990BA0029B1EF /* LaunchScreen.storyboard */; };
		DF9D75E2273998D7009A8419 /* AppClipViewController.swift in Sources */ = {isa = PBXBuildFile; fileRef = DF9D75E1273998D7009A8419 /* AppClipViewController.swift */; };
		DF9D75E427399952009A8419 /* AppClipStoryboard.storyboard in Resources */ = {isa = PBXBuildFile; fileRef = DF9D75E327399952009A8419 /* AppClipStoryboard.storyboard */; };
		DF9D75EA27399E6F009A8419 /* art.scnassets in Resources */ = {isa = PBXBuildFile; fileRef = DF9D75E927399E6F009A8419 /* art.scnassets */; };
/* End PBXBuildFile section */

/* Begin PBXFileReference section */
		A8575808273990B80029B1EF /* Combriender.app */ = {isa = PBXFileReference; explicitFileType = wrapper.application; includeInIndex = 0; path = Combriender.app; sourceTree = BUILT_PRODUCTS_DIR; };
		A857580B273990B80029B1EF /* AppDelegate.swift */ = {isa = PBXFileReference; lastKnownFileType = sourcecode.swift; path = AppDelegate.swift; sourceTree = "<group>"; };
		A857580D273990B80029B1EF /* SceneDelegate.swift */ = {isa = PBXFileReference; lastKnownFileType = sourcecode.swift; path = SceneDelegate.swift; sourceTree = "<group>"; };
		A857580F273990B80029B1EF /* ViewController.swift */ = {isa = PBXFileReference; lastKnownFileType = sourcecode.swift; path = ViewController.swift; sourceTree = "<group>"; };
		A8575812273990B80029B1EF /* Base */ = {isa = PBXFileReference; lastKnownFileType = file.storyboard; name = Base; path = Base.lproj/Main.storyboard; sourceTree = "<group>"; };
		A8575815273990B80029B1EF /* Combriender.xcdatamodel */ = {isa = PBXFileReference; lastKnownFileType = wrapper.xcdatamodel; path = Combriender.xcdatamodel; sourceTree = "<group>"; };
		A8575817273990BA0029B1EF /* Assets.xcassets */ = {isa = PBXFileReference; lastKnownFileType = folder.assetcatalog; path = Assets.xcassets; sourceTree = "<group>"; };
		A857581A273990BA0029B1EF /* Base */ = {isa = PBXFileReference; lastKnownFileType = file.storyboard; name = Base; path = Base.lproj/LaunchScreen.storyboard; sourceTree = "<group>"; };
		A857581C273990BA0029B1EF /* Info.plist */ = {isa = PBXFileReference; lastKnownFileType = text.plist.xml; path = Info.plist; sourceTree = "<group>"; };
		DF9D75E1273998D7009A8419 /* AppClipViewController.swift */ = {isa = PBXFileReference; lastKnownFileType = sourcecode.swift; path = AppClipViewController.swift; sourceTree = "<group>"; };
		DF9D75E327399952009A8419 /* AppClipStoryboard.storyboard */ = {isa = PBXFileReference; lastKnownFileType = file.storyboard; path = AppClipStoryboard.storyboard; sourceTree = "<group>"; };
		DF9D75E927399E6F009A8419 /* art.scnassets */ = {isa = PBXFileReference; lastKnownFileType = wrapper.scnassets; path = art.scnassets; sourceTree = "<group>"; };
		DF9D75EE2739BC5B009A8419 /* AppClipReadME.md */ = {isa = PBXFileReference; lastKnownFileType = net.daringfireball.markdown; path = AppClipReadME.md; sourceTree = "<group>"; };
/* End PBXFileReference section */

/* Begin PBXFrameworksBuildPhase section */
		A8575805273990B80029B1EF /* Frameworks */ = {
			isa = PBXFrameworksBuildPhase;
			buildActionMask = 2147483647;
			files = (
			);
			runOnlyForDeploymentPostprocessing = 0;
		};
/* End PBXFrameworksBuildPhase section */

/* Begin PBXGroup section */
		A85757FF273990B80029B1EF = {
			isa = PBXGroup;
			children = (
				A857580A273990B80029B1EF /* Combriender */,
				A8575809273990B80029B1EF /* Products */,
			);
			sourceTree = "<group>";
		};
		A8575809273990B80029B1EF /* Products */ = {
			isa = PBXGroup;
			children = (
				A8575808273990B80029B1EF /* Combriender.app */,
			);
			name = Products;
			sourceTree = "<group>";
		};
		A857580A273990B80029B1EF /* Combriender */ = {
			isa = PBXGroup;
			children = (
				A857580B273990B80029B1EF /* AppDelegate.swift */,
				A857580D273990B80029B1EF /* SceneDelegate.swift */,
				A857580F273990B80029B1EF /* ViewController.swift */,
				A8575811273990B80029B1EF /* Main.storyboard */,
				DF9D75E0273995F6009A8419 /* appClip */,
				A8575817273990BA0029B1EF /* Assets.xcassets */,
				A8575819273990BA0029B1EF /* LaunchScreen.storyboard */,
				A857581C273990BA0029B1EF /* Info.plist */,
				A8575814273990B80029B1EF /* Combriender.xcdatamodeld */,
			);
			path = Combriender;
			sourceTree = "<group>";
		};
		DF9D75E0273995F6009A8419 /* appClip */ = {
			isa = PBXGroup;
			children = (
				DF9D75E1273998D7009A8419 /* AppClipViewController.swift */,
				DF9D75E327399952009A8419 /* AppClipStoryboard.storyboard */,
				DF9D75E927399E6F009A8419 /* art.scnassets */,
				DF9D75EE2739BC5B009A8419 /* AppClipReadME.md */,
			);
			path = appClip;
			sourceTree = "<group>";
		};
/* End PBXGroup section */

/* Begin PBXNativeTarget section */
		A8575807273990B80029B1EF /* Combriender */ = {
			isa = PBXNativeTarget;
			buildConfigurationList = A857581F273990BA0029B1EF /* Build configuration list for PBXNativeTarget "Combriender" */;
			buildPhases = (
				A8575804273990B80029B1EF /* Sources */,
				A8575805273990B80029B1EF /* Frameworks */,
				A8575806273990B80029B1EF /* Resources */,
			);
			buildRules = (
			);
			dependencies = (
			);
			name = Combriender;
			productName = Combriender;
			productReference = A8575808273990B80029B1EF /* Combriender.app */;
			productType = "com.apple.product-type.application";
		};
/* End PBXNativeTarget section */

/* Begin PBXProject section */
		A8575800273990B80029B1EF /* Project object */ = {
			isa = PBXProject;
			attributes = {
				BuildIndependentTargetsInParallel = 1;
				LastSwiftUpdateCheck = 1310;
				LastUpgradeCheck = 1310;
				TargetAttributes = {
					A8575807273990B80029B1EF = {
						CreatedOnToolsVersion = 13.1;
					};
				};
			};
			buildConfigurationList = A8575803273990B80029B1EF /* Build configuration list for PBXProject "Combriender" */;
			compatibilityVersion = "Xcode 13.0";
			developmentRegion = en;
			hasScannedForEncodings = 0;
			knownRegions = (
				en,
				Base,
			);
			mainGroup = A85757FF273990B80029B1EF;
			productRefGroup = A8575809273990B80029B1EF /* Products */;
			projectDirPath = "";
			projectRoot = "";
			targets = (
				A8575807273990B80029B1EF /* Combriender */,
			);
		};
/* End PBXProject section */

/* Begin PBXResourcesBuildPhase section */
		A8575806273990B80029B1EF /* Resources */ = {
			isa = PBXResourcesBuildPhase;
			buildActionMask = 2147483647;
			files = (
				A857581B273990BA0029B1EF /* LaunchScreen.storyboard in Resources */,
				DF9D75E427399952009A8419 /* AppClipStoryboard.storyboard in Resources */,
				DF9D75EA27399E6F009A8419 /* art.scnassets in Resources */,
				A8575818273990BA0029B1EF /* Assets.xcassets in Resources */,
				A8575813273990B80029B1EF /* Main.storyboard in Resources */,
			);
			runOnlyForDeploymentPostprocessing = 0;
		};
/* End PBXResourcesBuildPhase section */

/* Begin PBXSourcesBuildPhase section */
		A8575804273990B80029B1EF /* Sources */ = {
			isa = PBXSourcesBuildPhase;
			buildActionMask = 2147483647;
			files = (
				A8575810273990B80029B1EF /* ViewController.swift in Sources */,
				A857580C273990B80029B1EF /* AppDelegate.swift in Sources */,
				A8575816273990B80029B1EF /* Combriender.xcdatamodeld in Sources */,
				A857580E273990B80029B1EF /* SceneDelegate.swift in Sources */,
				DF9D75E2273998D7009A8419 /* AppClipViewController.swift in Sources */,
			);
			runOnlyForDeploymentPostprocessing = 0;
		};
/* End PBXSourcesBuildPhase section */

/* Begin PBXVariantGroup section */
		A8575811273990B80029B1EF /* Main.storyboard */ = {
			isa = PBXVariantGroup;
			children = (
				A8575812273990B80029B1EF /* Base */,
			);
			name = Main.storyboard;
			sourceTree = "<group>";
		};
		A8575819273990BA0029B1EF /* LaunchScreen.storyboard */ = {
			isa = PBXVariantGroup;
			children = (
				A857581A273990BA0029B1EF /* Base */,
			);
			name = LaunchScreen.storyboard;
			sourceTree = "<group>";
		};
/* End PBXVariantGroup section */

/* Begin XCBuildConfiguration section */
		A857581D273990BA0029B1EF /* Debug */ = {
			isa = XCBuildConfiguration;
			buildSettings = {
				ALWAYS_SEARCH_USER_PATHS = NO;
				CLANG_ANALYZER_NONNULL = YES;
				CLANG_ANALYZER_NUMBER_OBJECT_CONVERSION = YES_AGGRESSIVE;
				CLANG_CXX_LANGUAGE_STANDARD = "gnu++17";
				CLANG_CXX_LIBRARY = "libc++";
				CLANG_ENABLE_MODULES = YES;
				CLANG_ENABLE_OBJC_ARC = YES;
				CLANG_ENABLE_OBJC_WEAK = YES;
				CLANG_WARN_BLOCK_CAPTURE_AUTORELEASING = YES;
				CLANG_WARN_BOOL_CONVERSION = YES;
				CLANG_WARN_COMMA = YES;
				CLANG_WARN_CONSTANT_CONVERSION = YES;
				CLANG_WARN_DEPRECATED_OBJC_IMPLEMENTATIONS = YES;
				CLANG_WARN_DIRECT_OBJC_ISA_USAGE = YES_ERROR;
				CLANG_WARN_DOCUMENTATION_COMMENTS = YES;
				CLANG_WARN_EMPTY_BODY = YES;
				CLANG_WARN_ENUM_CONVERSION = YES;
				CLANG_WARN_INFINITE_RECURSION = YES;
				CLANG_WARN_INT_CONVERSION = YES;
				CLANG_WARN_NON_LITERAL_NULL_CONVERSION = YES;
				CLANG_WARN_OBJC_IMPLICIT_RETAIN_SELF = YES;
				CLANG_WARN_OBJC_LITERAL_CONVERSION = YES;
				CLANG_WARN_OBJC_ROOT_CLASS = YES_ERROR;
				CLANG_WARN_QUOTED_INCLUDE_IN_FRAMEWORK_HEADER = YES;
				CLANG_WARN_RANGE_LOOP_ANALYSIS = YES;
				CLANG_WARN_STRICT_PROTOTYPES = YES;
				CLANG_WARN_SUSPICIOUS_MOVE = YES;
				CLANG_WARN_UNGUARDED_AVAILABILITY = YES_AGGRESSIVE;
				CLANG_WARN_UNREACHABLE_CODE = YES;
				CLANG_WARN__DUPLICATE_METHOD_MATCH = YES;
				COPY_PHASE_STRIP = NO;
				DEBUG_INFORMATION_FORMAT = dwarf;
				ENABLE_STRICT_OBJC_MSGSEND = YES;
				ENABLE_TESTABILITY = YES;
				GCC_C_LANGUAGE_STANDARD = gnu11;
				GCC_DYNAMIC_NO_PIC = NO;
				GCC_NO_COMMON_BLOCKS = YES;
				GCC_OPTIMIZATION_LEVEL = 0;
				GCC_PREPROCESSOR_DEFINITIONS = (
					"DEBUG=1",
					"$(inherited)",
				);
				GCC_WARN_64_TO_32_BIT_CONVERSION = YES;
				GCC_WARN_ABOUT_RETURN_TYPE = YES_ERROR;
				GCC_WARN_UNDECLARED_SELECTOR = YES;
				GCC_WARN_UNINITIALIZED_AUTOS = YES_AGGRESSIVE;
				GCC_WARN_UNUSED_FUNCTION = YES;
				GCC_WARN_UNUSED_VARIABLE = YES;
				IPHONEOS_DEPLOYMENT_TARGET = 15.0;
				MTL_ENABLE_DEBUG_INFO = INCLUDE_SOURCE;
				MTL_FAST_MATH = YES;
				ONLY_ACTIVE_ARCH = YES;
				SDKROOT = iphoneos;
				SWIFT_ACTIVE_COMPILATION_CONDITIONS = DEBUG;
				SWIFT_OPTIMIZATION_LEVEL = "-Onone";
			};
			name = Debug;
		};
		A857581E273990BA0029B1EF /* Release */ = {
			isa = XCBuildConfiguration;
			buildSettings = {
				ALWAYS_SEARCH_USER_PATHS = NO;
				CLANG_ANALYZER_NONNULL = YES;
				CLANG_ANALYZER_NUMBER_OBJECT_CONVERSION = YES_AGGRESSIVE;
				CLANG_CXX_LANGUAGE_STANDARD = "gnu++17";
				CLANG_CXX_LIBRARY = "libc++";
				CLANG_ENABLE_MODULES = YES;
				CLANG_ENABLE_OBJC_ARC = YES;
				CLANG_ENABLE_OBJC_WEAK = YES;
				CLANG_WARN_BLOCK_CAPTURE_AUTORELEASING = YES;
				CLANG_WARN_BOOL_CONVERSION = YES;
				CLANG_WARN_COMMA = YES;
				CLANG_WARN_CONSTANT_CONVERSION = YES;
				CLANG_WARN_DEPRECATED_OBJC_IMPLEMENTATIONS = YES;
				CLANG_WARN_DIRECT_OBJC_ISA_USAGE = YES_ERROR;
				CLANG_WARN_DOCUMENTATION_COMMENTS = YES;
				CLANG_WARN_EMPTY_BODY = YES;
				CLANG_WARN_ENUM_CONVERSION = YES;
				CLANG_WARN_INFINITE_RECURSION = YES;
				CLANG_WARN_INT_CONVERSION = YES;
				CLANG_WARN_NON_LITERAL_NULL_CONVERSION = YES;
				CLANG_WARN_OBJC_IMPLICIT_RETAIN_SELF = YES;
				CLANG_WARN_OBJC_LITERAL_CONVERSION = YES;
				CLANG_WARN_OBJC_ROOT_CLASS = YES_ERROR;
				CLANG_WARN_QUOTED_INCLUDE_IN_FRAMEWORK_HEADER = YES;
				CLANG_WARN_RANGE_LOOP_ANALYSIS = YES;
				CLANG_WARN_STRICT_PROTOTYPES = YES;
				CLANG_WARN_SUSPICIOUS_MOVE = YES;
				CLANG_WARN_UNGUARDED_AVAILABILITY = YES_AGGRESSIVE;
				CLANG_WARN_UNREACHABLE_CODE = YES;
				CLANG_WARN__DUPLICATE_METHOD_MATCH = YES;
				COPY_PHASE_STRIP = NO;
				DEBUG_INFORMATION_FORMAT = "dwarf-with-dsym";
				ENABLE_NS_ASSERTIONS = NO;
				ENABLE_STRICT_OBJC_MSGSEND = YES;
				GCC_C_LANGUAGE_STANDARD = gnu11;
				GCC_NO_COMMON_BLOCKS = YES;
				GCC_WARN_64_TO_32_BIT_CONVERSION = YES;
				GCC_WARN_ABOUT_RETURN_TYPE = YES_ERROR;
				GCC_WARN_UNDECLARED_SELECTOR = YES;
				GCC_WARN_UNINITIALIZED_AUTOS = YES_AGGRESSIVE;
				GCC_WARN_UNUSED_FUNCTION = YES;
				GCC_WARN_UNUSED_VARIABLE = YES;
				IPHONEOS_DEPLOYMENT_TARGET = 15.0;
				MTL_ENABLE_DEBUG_INFO = NO;
				MTL_FAST_MATH = YES;
				SDKROOT = iphoneos;
				SWIFT_COMPILATION_MODE = wholemodule;
				SWIFT_OPTIMIZATION_LEVEL = "-O";
				VALIDATE_PRODUCT = YES;
			};
			name = Release;
		};
		A8575820273990BA0029B1EF /* Debug */ = {
			isa = XCBuildConfiguration;
			buildSettings = {
				ASSETCATALOG_COMPILER_APPICON_NAME = AppIcon;
				ASSETCATALOG_COMPILER_GLOBAL_ACCENT_COLOR_NAME = AccentColor;
				CODE_SIGN_STYLE = Automatic;
				CURRENT_PROJECT_VERSION = 1;
				DEVELOPMENT_TEAM = 35MNU2XY54;
				GENERATE_INFOPLIST_FILE = YES;
				INFOPLIST_FILE = Combriender/Info.plist;
				INFOPLIST_KEY_NSCameraUsageDescription = asdadadad;
				INFOPLIST_KEY_UIApplicationSupportsIndirectInputEvents = YES;
				INFOPLIST_KEY_UILaunchStoryboardName = LaunchScreen;
				INFOPLIST_KEY_UIMainStoryboardFile = Main;
				INFOPLIST_KEY_UISupportedInterfaceOrientations_iPad = "UIInterfaceOrientationPortrait UIInterfaceOrientationPortraitUpsideDown UIInterfaceOrientationLandscapeLeft UIInterfaceOrientationLandscapeRight";
				INFOPLIST_KEY_UISupportedInterfaceOrientations_iPhone = "UIInterfaceOrientationPortrait UIInterfaceOrientationLandscapeLeft UIInterfaceOrientationLandscapeRight";
				LD_RUNPATH_SEARCH_PATHS = (
					"$(inherited)",
					"@executable_path/Frameworks",
				);
				MARKETING_VERSION = 1.0;
				PRODUCT_BUNDLE_IDENTIFIER = comVictorVidal.Combriender;
				PRODUCT_NAME = "$(TARGET_NAME)";
				SWIFT_EMIT_LOC_STRINGS = YES;
				SWIFT_VERSION = 5.0;
				TARGETED_DEVICE_FAMILY = "1,2";
			};
			name = Debug;
		};
		A8575821273990BA0029B1EF /* Release */ = {
			isa = XCBuildConfiguration;
			buildSettings = {
				ASSETCATALOG_COMPILER_APPICON_NAME = AppIcon;
				ASSETCATALOG_COMPILER_GLOBAL_ACCENT_COLOR_NAME = AccentColor;
				CODE_SIGN_STYLE = Automatic;
				CURRENT_PROJECT_VERSION = 1;
				DEVELOPMENT_TEAM = 35MNU2XY54;
				GENERATE_INFOPLIST_FILE = YES;
				INFOPLIST_FILE = Combriender/Info.plist;
				INFOPLIST_KEY_NSCameraUsageDescription = asdadadad;
				INFOPLIST_KEY_UIApplicationSupportsIndirectInputEvents = YES;
				INFOPLIST_KEY_UILaunchStoryboardName = LaunchScreen;
				INFOPLIST_KEY_UIMainStoryboardFile = Main;
				INFOPLIST_KEY_UISupportedInterfaceOrientations_iPad = "UIInterfaceOrientationPortrait UIInterfaceOrientationPortraitUpsideDown UIInterfaceOrientationLandscapeLeft UIInterfaceOrientationLandscapeRight";
				INFOPLIST_KEY_UISupportedInterfaceOrientations_iPhone = "UIInterfaceOrientationPortrait UIInterfaceOrientationLandscapeLeft UIInterfaceOrientationLandscapeRight";
				LD_RUNPATH_SEARCH_PATHS = (
					"$(inherited)",
					"@executable_path/Frameworks",
				);
				MARKETING_VERSION = 1.0;
				PRODUCT_BUNDLE_IDENTIFIER = comVictorVidal.Combriender;
				PRODUCT_NAME = "$(TARGET_NAME)";
				SWIFT_EMIT_LOC_STRINGS = YES;
				SWIFT_VERSION = 5.0;
				TARGETED_DEVICE_FAMILY = "1,2";
			};
			name = Release;
		};
/* End XCBuildConfiguration section */

/* Begin XCConfigurationList section */
		A8575803273990B80029B1EF /* Build configuration list for PBXProject "Combriender" */ = {
			isa = XCConfigurationList;
			buildConfigurations = (
				A857581D273990BA0029B1EF /* Debug */,
				A857581E273990BA0029B1EF /* Release */,
			);
			defaultConfigurationIsVisible = 0;
			defaultConfigurationName = Release;
		};
		A857581F273990BA0029B1EF /* Build configuration list for PBXNativeTarget "Combriender" */ = {
			isa = XCConfigurationList;
			buildConfigurations = (
				A8575820273990BA0029B1EF /* Debug */,
				A8575821273990BA0029B1EF /* Release */,
			);
			defaultConfigurationIsVisible = 0;
			defaultConfigurationName = Release;
		};
/* End XCConfigurationList section */

/* Begin XCVersionGroup section */
		A8575814273990B80029B1EF /* Combriender.xcdatamodeld */ = {
			isa = XCVersionGroup;
			children = (
				A8575815273990B80029B1EF /* Combriender.xcdatamodel */,
			);
			currentVersion = A8575815273990B80029B1EF /* Combriender.xcdatamodel */;
			path = Combriender.xcdatamodeld;
			sourceTree = "<group>";
			versionGroupType = wrapper.xcdatamodel;
		};
/* End XCVersionGroup section */
	};
	rootObject = A8575800273990B80029B1EF /* Project object */;
}
