{
  "object": {
    "pins": [
      {
        "package": "FloatingPanel",
        "repositoryURL": "https://github.com/scenee/FloatingPanel.git",
        "state": {
          "branch": null,
          "revision": "ca7596e1cae161415f54059a8c44b82c95724160",
          "version": "1.7.6"
        }
      },
      {
        "package": "Lottie",
        "repositoryURL": "https://github.com/airbnb/lottie-ios.git",
        "state": {
          "branch": null,
          "revision": "79a0b70547f7c40ea54c67487f935fa2f2eaaadc",
          "version": "3.2.3"
        }
      }
    ]
  },
  "version": 1
}
